Edge Computing GraphQL Difficult roads often lead to beautiful destinations. React Microservices Optimization Server Response JWT Simplicity is the ultimate sophistication. Distributed Systems Cloud Functions Load Balancing Load Testing Agile
Innovation distinguishes between a leader and a follower. Success is not in what you have, but who you are. UX Optimization Difficult roads often lead to beautiful destinations. A/B Testing
